
Microsoft Visual Studio Solution File, Format Version 12.00
# Visual Studio 15
VisualStudioVersion = 15.0.27004.2009
MinimumVisualStudioVersion = 10.0.40219.1
Project("{9A19103F-16F7-4668-BE54-9A1E7A4F7556}") = "Api2Pdf.DotNet", "Api2Pdf.DotNet\Api2Pdf.DotNet.csproj", "{2E91CC9C-D07D-4C07-83A5-74C79EFC3D83}"
EndProject
Project("{FAE04EC0-301F-11D3-BF4B-00C04F79EFBC}") = "ExampleApp", "ExampleApp\ExampleApp.csproj", "{05849817-58C8-4921-8B6B-EE747EE80D8B}"
EndProject
Global
	GlobalSection(SolutionConfigurationPlatforms) = preSolution
		Debug|Any CPU = Debug|Any CPU
		Release|Any CPU = Release|Any CPU
	EndGlobalSection
	GlobalSection(ProjectConfigurationPlatforms) = postSolution
		{2E91CC9C-D07D-4C07-83A5-74C79EFC3D83}.Debug|Any CPU.ActiveCfg = Debug|Any CPU
		{2E91CC9C-D07D-4C07-83A5-74C79EFC3D83}.Debug|Any CPU.Build.0 = Debug|Any CPU
		{2E91CC9C-D07D-4C07-83A5-74C79EFC3D83}.Release|Any CPU.ActiveCfg = Release|Any CPU
		{2E91CC9C-D07D-4C07-83A5-74C79EFC3D83}.Release|Any CPU.Build.0 = Release|Any CPU
		{05849817-58C8-4921-8B6B-EE747EE80D8B}.Debug|Any CPU.ActiveCfg = Debug|Any CPU
		{05849817-58C8-4921-8B6B-EE747EE80D8B}.Debug|Any CPU.Build.0 = Debug|Any CPU
		{05849817-58C8-4921-8B6B-EE747EE80D8B}.Release|Any CPU.ActiveCfg = Release|Any CPU
		{05849817-58C8-4921-8B6B-EE747EE80D8B}.Release|Any CPU.Build.0 = Release|Any CPU
	EndGlobalSection
	GlobalSection(SolutionProperties) = preSolution
		HideSolutionNode = FALSE
	EndGlobalSection
	GlobalSection(ExtensibilityGlobals) = postSolution
		SolutionGuid = {38858B7D-62EF-4BDD-8D53-2051F869394D}
	EndGlobalSection
EndGlobal
